// !$*UTF8*$!
{
	archiveVersion = 1;
	classes = {
	};
	objectVersion = 50;
	objects = {

/* Begin PBXBuildFile section */
		AEBBEAF8246CD2BF00F00590 /* AppDelegate.swift in Sources */ = {isa = PBXBuildFile; fileRef = AEBBEAF7246CD2BF00F00590 /* AppDelegate.swift */; };
		AEBBEAFA246CD2BF00F00590 /* SceneDelegate.swift in Sources */ = {isa = PBXBuildFile; fileRef = AEBBEAF9246CD2BF00F00590 /* SceneDelegate.swift */; };
		AEBBEAFC246CD2BF00F00590 /* ViewController.swift in Sources */ = {isa = PBXBuildFile; fileRef = AEBBEAFB246CD2BF00F00590 /* ViewController.swift */; };
		AEBBEAFF246CD2BF00F00590 /* Main.storyboard in Resources */ = {isa = PBXBuildFile; fileRef = AEBBEAFD246CD2BF00F00590 /* Main.storyboard */; };
		AEBBEB01246CD2C100F00590 /* Assets.xcassets in Resources */ = {isa = PBXBuildFile; fileRef = AEBBEB00246CD2C100F00590 /* Assets.xcassets */; };
		AEBBEB04246CD2C100F00590 /* LaunchScreen.storyboard in Resources */ = {isa = PBXBuildFile; fileRef = AEBBEB02246CD2C100F00590 /* LaunchScreen.storyboard */; };
		AEBBEB0E246CD47F00F00590 /* tail.png in Resources */ = {isa = PBXBuildFile; fileRef = AEBBEB0C246CD47F00F00590 /* tail.png */; };
		AEBBEB0F246CD47F00F00590 /* bar.png in Resources */ = {isa = PBXBuildFile; fileRef = AEBBEB0D246CD47F00F00590 /* bar.png */; };
		AEBBEB11246CED9200F00590 /* GameViewController.swift in Sources */ = {isa = PBXBuildFile; fileRef = AEBBEB10246CED9200F00590 /* GameViewController.swift */; };
		AEBBEB13246CEDAE00F00590 /* RankingViewController.swift in Sources */ = {isa = PBXBuildFile; fileRef = AEBBEB12246CEDAE00F00590 /* RankingViewController.swift */; };
/* End PBXBuildFile section */

/* Begin PBXFileReference section */
		AEBBEAF4246CD2BF00F00590 /* BarabaraGame.app */ = {isa = PBXFileReference; explicitFileType = wrapper.application; includeInIndex = 0; path = BarabaraGame.app; sourceTree = BUILT_PRODUCTS_DIR; };
		AEBBEAF7246CD2BF00F00590 /* AppDelegate.swift */ = {isa = PBXFileReference; lastKnownFileType = sourcecode.swift; path = AppDelegate.swift; sourceTree = "<group>"; };
		AEBBEAF9246CD2BF00F00590 /* SceneDelegate.swift */ = {isa = PBXFileReference; lastKnownFileType = sourcecode.swift; path = SceneDelegate.swift; sourceTree = "<group>"; };
		AEBBEAFB246CD2BF00F00590 /* ViewController.swift */ = {isa = PBXFileReference; lastKnownFileType = sourcecode.swift; path = ViewController.swift; sourceTree = "<group>"; };
		AEBBEAFE246CD2BF00F00590 /* Base */ = {isa = PBXFileReference; lastKnownFileType = file.storyboard; name = Base; path = Base.lproj/Main.storyboard; sourceTree = "<group>"; };
		AEBBEB00246CD2C100F00590 /* Assets.xcassets */ = {isa = PBXFileReference; lastKnownFileType = folder.assetcatalog; path = Assets.xcassets; sourceTree = "<group>"; };
		AEBBEB03246CD2C100F00590 /* Base */ = {isa = PBXFileReference; lastKnownFileType = file.storyboard; name = Base; path = Base.lproj/LaunchScreen.storyboard; sourceTree = "<group>"; };
		AEBBEB05246CD2C100F00590 /* Info.plist */ = {isa = PBXFileReference; lastKnownFileType = text.plist.xml; path = Info.plist; sourceTree = "<group>"; };
		AEBBEB0C246CD47F00F00590 /* tail.png */ = {isa = PBXFileReference; lastKnownFileType = image.png; path = tail.png; sourceTree = "<group>"; };
		AEBBEB0D246CD47F00F00590 /* bar.png */ = {isa = PBXFileReference; lastKnownFileType = image.png; path = bar.png; sourceTree = "<group>"; };
		AEBBEB10246CED9200F00590 /* GameViewController.swift */ = {isa = PBXFileReference; lastKnownFileType = sourcecode.swift; path = GameViewController.swift; sourceTree = "<group>"; };
		AEBBEB12246CEDAE00F00590 /* RankingViewController.swift */ = {isa = PBXFileReference; lastKnownFileType = sourcecode.swift; path = RankingViewController.swift; sourceTree = "<group>"; };
/* End PBXFileReference section */

/* Begin PBXFrameworksBuildPhase section */
		AEBBEAF1246CD2BF00F00590 /* Frameworks */ = {
			isa = PBXFrameworksBuildPhase;
			buildActionMask = 2147483647;
			files = (
			);
			runOnlyForDeploymentPostprocessing = 0;
		};
/* End PBXFrameworksBuildPhase section */

/* Begin PBXGroup section */
		AEBBEAEB246CD2BF00F00590 = {
			isa = PBXGroup;
			children = (
				AEBBEAF6246CD2BF00F00590 /* BarabaraGame */,
				AEBBEAF5246CD2BF00F00590 /* Products */,
			);
			sourceTree = "<group>";
		};
		AEBBEAF5246CD2BF00F00590 /* Products */ = {
			isa = PBXGroup;
			children = (
				AEBBEAF4246CD2BF00F00590 /* BarabaraGame.app */,
			);
			name = Products;
			sourceTree = "<group>";
		};
		AEBBEAF6246CD2BF00F00590 /* BarabaraGame */ = {
			isa = PBXGroup;
			children = (
				AEBBEB0B246CD47F00F00590 /* Barabara素材 */,
				AEBBEAF7246CD2BF00F00590 /* AppDelegate.swift */,
				AEBBEAF9246CD2BF00F00590 /* SceneDelegate.swift */,
				AEBBEAFB246CD2BF00F00590 /* ViewController.swift */,
				AEBBEAFD246CD2BF00F00590 /* Main.storyboard */,
				AEBBEB00246CD2C100F00590 /* Assets.xcassets */,
				AEBBEB02246CD2C100F00590 /* LaunchScreen.storyboard */,
				AEBBEB05246CD2C100F00590 /* Info.plist */,
				AEBBEB10246CED9200F00590 /* GameViewController.swift */,
				AEBBEB12246CEDAE00F00590 /* RankingViewController.swift */,
			);
			path = BarabaraGame;
			sourceTree = "<group>";
		};
		AEBBEB0B246CD47F00F00590 /* Barabara素材 */ = {
			isa = PBXGroup;
			children = (
				AEBBEB0C246CD47F00F00590 /* tail.png */,
				AEBBEB0D246CD47F00F00590 /* bar.png */,
			);
			path = "Barabara素材";
			sourceTree = "<group>";
		};
/* End PBXGroup section */

/* Begin PBXNativeTarget section */
		AEBBEAF3246CD2BF00F00590 /* BarabaraGame */ = {
			isa = PBXNativeTarget;
			buildConfigurationList = AEBBEB08246CD2C100F00590 /* Build configuration list for PBXNativeTarget "BarabaraGame" */;
			buildPhases = (
				AEBBEAF0246CD2BF00F00590 /* Sources */,
				AEBBEAF1246CD2BF00F00590 /* Frameworks */,
				AEBBEAF2246CD2BF00F00590 /* Resources */,
			);
			buildRules = (
			);
			dependencies = (
			);
			name = BarabaraGame;
			productName = BarabaraGame;
			productReference = AEBBEAF4246CD2BF00F00590 /* BarabaraGame.app */;
			productType = "com.apple.product-type.application";
		};
/* End PBXNativeTarget section */

/* Begin PBXProject section */
		AEBBEAEC246CD2BF00F00590 /* Project object */ = {
			isa = PBXProject;
			attributes = {
				LastSwiftUpdateCheck = 1140;
				LastUpgradeCheck = 1140;
				ORGANIZATIONNAME = "Kusunose Hosho";
				TargetAttributes = {
					AEBBEAF3246CD2BF00F00590 = {
						CreatedOnToolsVersion = 11.4.1;
					};
				};
			};
			buildConfigurationList = AEBBEAEF246CD2BF00F00590 /* Build configuration list for PBXProject "BarabaraGame" */;
			compatibilityVersion = "Xcode 9.3";
			developmentRegion = en;
			hasScannedForEncodings = 0;
			knownRegions = (
				en,
				Base,
			);
			mainGroup = AEBBEAEB246CD2BF00F00590;
			productRefGroup = AEBBEAF5246CD2BF00F00590 /* Products */;
			projectDirPath = "";
			projectRoot = "";
			targets = (
				AEBBEAF3246CD2BF00F00590 /* BarabaraGame */,
			);
		};
/* End PBXProject section */

/* Begin PBXResourcesBuildPhase section */
		AEBBEAF2246CD2BF00F00590 /* Resources */ = {
			isa = PBXResourcesBuildPhase;
			buildActionMask = 2147483647;
			files = (
				AEBBEB04246CD2C100F00590 /* LaunchScreen.storyboard in Resources */,
				AEBBEB0F246CD47F00F00590 /* bar.png in Resources */,
				AEBBEB0E246CD47F00F00590 /* tail.png in Resources */,
				AEBBEB01246CD2C100F00590 /* Assets.xcassets in Resources */,
				AEBBEAFF246CD2BF00F00590 /* Main.storyboard in Resources */,
			);
			runOnlyForDeploymentPostprocessing = 0;
		};
/* End PBXResourcesBuildPhase section */

/* Begin PBXSourcesBuildPhase section */
		AEBBEAF0246CD2BF00F00590 /* Sources */ = {
			isa = PBXSourcesBuildPhase;
			buildActionMask = 2147483647;
			files = (
				AEBBEB13246CEDAE00F00590 /* RankingViewController.swift in Sources */,
				AEBBEB11246CED9200F00590 /* GameViewController.swift in Sources */,
				AEBBEAFC246CD2BF00F00590 /* ViewController.swift in Sources */,
				AEBBEAF8246CD2BF00F00590 /* AppDelegate.swift in Sources */,
				AEBBEAFA246CD2BF00F00590 /* SceneDelegate.swift in Sources */,
			);
			runOnlyForDeploymentPostprocessing = 0;
		};
/* End PBXSourcesBuildPhase section */

/* Begin PBXVariantGroup section */
		AEBBEAFD246CD2BF00F00590 /* Main.storyboard */ = {
			isa = PBXVariantGroup;
			children = (
				AEBBEAFE246CD2BF00F00590 /* Base */,
			);
			name = Main.storyboard;
			sourceTree = "<group>";
		};
		AEBBEB02246CD2C100F00590 /* LaunchScreen.storyboard */ = {
			isa = PBXVariantGroup;
			children = (
				AEBBEB03246CD2C100F00590 /* Base */,
			);
			name = LaunchScreen.storyboard;
			sourceTree = "<group>";
		};
/* End PBXVariantGroup section */

/* Begin XCBuildConfiguration section */
		AEBBEB06246CD2C100F00590 /* Debug */ = {
			isa = XCBuildConfiguration;
			buildSettings = {
				ALWAYS_SEARCH_USER_PATHS = NO;
				CLANG_ANALYZER_NONNULL = YES;
				CLANG_ANALYZER_NUMBER_OBJECT_CONVERSION = YES_AGGRESSIVE;
				CLANG_CXX_LANGUAGE_STANDARD = "gnu++14";
				CLANG_CXX_LIBRARY = "libc++";
				CLANG_ENABLE_MODULES = YES;
				CLANG_ENABLE_OBJC_ARC = YES;
				CLANG_ENABLE_OBJC_WEAK = YES;
				CLANG_WARN_BLOCK_CAPTURE_AUTORELEASING = YES;
				CLANG_WARN_BOOL_CONVERSION = YES;
				CLANG_WARN_COMMA = YES;
				CLANG_WARN_CONSTANT_CONVERSION = YES;
				CLANG_WARN_DEPRECATED_OBJC_IMPLEMENTATIONS = YES;
				CLANG_WARN_DIRECT_OBJC_ISA_USAGE = YES_ERROR;
				CLANG_WARN_DOCUMENTATION_COMMENTS = YES;
				CLANG_WARN_EMPTY_BODY = YES;
				CLANG_WARN_ENUM_CONVERSION = YES;
				CLANG_WARN_INFINITE_RECURSION = YES;
				CLANG_WARN_INT_CONVERSION = YES;
				CLANG_WARN_NON_LITERAL_NULL_CONVERSION = YES;
				CLANG_WARN_OBJC_IMPLICIT_RETAIN_SELF = YES;
				CLANG_WARN_OBJC_LITERAL_CONVERSION = YES;
				CLANG_WARN_OBJC_ROOT_CLASS = YES_ERROR;
				CLANG_WARN_RANGE_LOOP_ANALYSIS = YES;
				CLANG_WARN_STRICT_PROTOTYPES = YES;
				CLANG_WARN_SUSPICIOUS_MOVE = YES;
				CLANG_WARN_UNGUARDED_AVAILABILITY = YES_AGGRESSIVE;
				CLANG_WARN_UNREACHABLE_CODE = YES;
				CLANG_WARN__DUPLICATE_METHOD_MATCH = YES;
				COPY_PHASE_STRIP = NO;
				DEBUG_INFORMATION_FORMAT = dwarf;
				ENABLE_STRICT_OBJC_MSGSEND = YES;
				ENABLE_TESTABILITY = YES;
				GCC_C_LANGUAGE_STANDARD = gnu11;
				GCC_DYNAMIC_NO_PIC = NO;
				GCC_NO_COMMON_BLOCKS = YES;
				GCC_OPTIMIZATION_LEVEL = 0;
				GCC_PREPROCESSOR_DEFINITIONS = (
					"DEBUG=1",
					"$(inherited)",
				);
				GCC_WARN_64_TO_32_BIT_CONVERSION = YES;
				GCC_WARN_ABOUT_RETURN_TYPE = YES_ERROR;
				GCC_WARN_UNDECLARED_SELECTOR = YES;
				GCC_WARN_UNINITIALIZED_AUTOS = YES_AGGRESSIVE;
				GCC_WARN_UNUSED_FUNCTION = YES;
				GCC_WARN_UNUSED_VARIABLE = YES;
				IPHONEOS_DEPLOYMENT_TARGET = 13.4;
				MTL_ENABLE_DEBUG_INFO = INCLUDE_SOURCE;
				MTL_FAST_MATH = YES;
				ONLY_ACTIVE_ARCH = YES;
				SDKROOT = iphoneos;
				SWIFT_ACTIVE_COMPILATION_CONDITIONS = DEBUG;
				SWIFT_OPTIMIZATION_LEVEL = "-Onone";
			};
			name = Debug;
		};
		AEBBEB07246CD2C100F00590 /* Release */ = {
			isa = XCBuildConfiguration;
			buildSettings = {
				ALWAYS_SEARCH_USER_PATHS = NO;
				CLANG_ANALYZER_NONNULL = YES;
				CLANG_ANALYZER_NUMBER_OBJECT_CONVERSION = YES_AGGRESSIVE;
				CLANG_CXX_LANGUAGE_STANDARD = "gnu++14";
				CLANG_CXX_LIBRARY = "libc++";
				CLANG_ENABLE_MODULES = YES;
				CLANG_ENABLE_OBJC_ARC = YES;
				CLANG_ENABLE_OBJC_WEAK = YES;
				CLANG_WARN_BLOCK_CAPTURE_AUTORELEASING = YES;
				CLANG_WARN_BOOL_CONVERSION = YES;
				CLANG_WARN_COMMA = YES;
				CLANG_WARN_CONSTANT_CONVERSION = YES;
				CLANG_WARN_DEPRECATED_OBJC_IMPLEMENTATIONS = YES;
				CLANG_WARN_DIRECT_OBJC_ISA_USAGE = YES_ERROR;
				CLANG_WARN_DOCUMENTATION_COMMENTS = YES;
				CLANG_WARN_EMPTY_BODY = YES;
				CLANG_WARN_ENUM_CONVERSION = YES;
				CLANG_WARN_INFINITE_RECURSION = YES;
				CLANG_WARN_INT_CONVERSION = YES;
				CLANG_WARN_NON_LITERAL_NULL_CONVERSION = YES;
				CLANG_WARN_OBJC_IMPLICIT_RETAIN_SELF = YES;
				CLANG_WARN_OBJC_LITERAL_CONVERSION = YES;
				CLANG_WARN_OBJC_ROOT_CLASS = YES_ERROR;
				CLANG_WARN_RANGE_LOOP_ANALYSIS = YES;
				CLANG_WARN_STRICT_PROTOTYPES = YES;
				CLANG_WARN_SUSPICIOUS_MOVE = YES;
				CLANG_WARN_UNGUARDED_AVAILABILITY = YES_AGGRESSIVE;
				CLANG_WARN_UNREACHABLE_CODE = YES;
				CLANG_WARN__DUPLICATE_METHOD_MATCH = YES;
				COPY_PHASE_STRIP = NO;
				DEBUG_INFORMATION_FORMAT = "dwarf-with-dsym";
				ENABLE_NS_ASSERTIONS = NO;
				ENABLE_STRICT_OBJC_MSGSEND = YES;
				GCC_C_LANGUAGE_STANDARD = gnu11;
				GCC_NO_COMMON_BLOCKS = YES;
				GCC_WARN_64_TO_32_BIT_CONVERSION = YES;
				GCC_WARN_ABOUT_RETURN_TYPE = YES_ERROR;
				GCC_WARN_UNDECLARED_SELECTOR = YES;
				GCC_WARN_UNINITIALIZED_AUTOS = YES_AGGRESSIVE;
				GCC_WARN_UNUSED_FUNCTION = YES;
				GCC_WARN_UNUSED_VARIABLE = YES;
				IPHONEOS_DEPLOYMENT_TARGET = 13.4;
				MTL_ENABLE_DEBUG_INFO = NO;
				MTL_FAST_MATH = YES;
				SDKROOT = iphoneos;
				SWIFT_COMPILATION_MODE = wholemodule;
				SWIFT_OPTIMIZATION_LEVEL = "-O";
				VALIDATE_PRODUCT = YES;
			};
			name = Release;
		};
		AEBBEB09246CD2C100F00590 /* Debug */ = {
			isa = XCBuildConfiguration;
			buildSettings = {
				ASSETCATALOG_COMPILER_APPICON_NAME = AppIcon;
				CODE_SIGN_STYLE = Automatic;
				DEVELOPMENT_TEAM = F37685AA55;
				INFOPLIST_FILE = BarabaraGame/Info.plist;
				LD_RUNPATH_SEARCH_PATHS = (
					"$(inherited)",
					"@executable_path/Frameworks",
				);
				PRODUCT_BUNDLE_IDENTIFIER = app.kusunose.hosho.BarabaraGame;
				PRODUCT_NAME = "$(TARGET_NAME)";
				SWIFT_VERSION = 5.0;
				TARGETED_DEVICE_FAMILY = "1,2";
			};
			name = Debug;
		};
		AEBBEB0A246CD2C100F00590 /* Release */ = {
			isa = XCBuildConfiguration;
			buildSettings = {
				ASSETCATALOG_COMPILER_APPICON_NAME = AppIcon;
				CODE_SIGN_STYLE = Automatic;
				DEVELOPMENT_TEAM = F37685AA55;
				INFOPLIST_FILE = BarabaraGame/Info.plist;
				LD_RUNPATH_SEARCH_PATHS = (
					"$(inherited)",
					"@executable_path/Frameworks",
				);
				PRODUCT_BUNDLE_IDENTIFIER = app.kusunose.hosho.BarabaraGame;
				PRODUCT_NAME = "$(TARGET_NAME)";
				SWIFT_VERSION = 5.0;
				TARGETED_DEVICE_FAMILY = "1,2";
			};
			name = Release;
		};
/* End XCBuildConfiguration section */

/* Begin XCConfigurationList section */
		AEBBEAEF246CD2BF00F00590 /* Build configuration list for PBXProject "BarabaraGame" */ = {
			isa = XCConfigurationList;
			buildConfigurations = (
				AEBBEB06246CD2C100F00590 /* Debug */,
				AEBBEB07246CD2C100F00590 /* Release */,
			);
			defaultConfigurationIsVisible = 0;
			defaultConfigurationName = Release;
		};
		AEBBEB08246CD2C100F00590 /* Build configuration list for PBXNativeTarget "BarabaraGame" */ = {
			isa = XCConfigurationList;
			buildConfigurations = (
				AEBBEB09246CD2C100F00590 /* Debug */,
				AEBBEB0A246CD2C100F00590 /* Release */,
			);
			defaultConfigurationIsVisible = 0;
			defaultConfigurationName = Release;
		};
/* End XCConfigurationList section */
	};
	rootObject = AEBBEAEC246CD2BF00F00590 /* Project object */;
}
